{
  "requires": true,
  "lockfileVersion": 1,
  "dependencies": {
    "@types/lodash": {
      "version": "4.14.149",
      "resolved": "https://registry.npmjs.org/@types/lodash/-/lodash-4.14.149.tgz",
      "integrity": "sha512-ijGqzZt/b7BfzcK9vTrS6MFljQRPn5BFWOx8oE0GYxribu6uV+aA9zZuXI1zc/etK9E8nrgdoF2+LgUw7+9tJQ=="
    },
    "@types/node": {
      "version": "12.12.14",
      "resolved": "https://registry.npmjs.org/@types/node/-/node-12.12.14.tgz",
      "integrity": "sha512-u/SJDyXwuihpwjXy7hOOghagLEV1KdAST6syfnOk6QZAMzZuWZqXy5aYYZbh8Jdpd4escVFP0MvftHNDb9pruA=="
    },
    "buffer-crc32": {
      "version": "0.2.13",
      "resolved": "https://registry.npmjs.org/buffer-crc32/-/buffer-crc32-0.2.13.tgz",
      "integrity": "sha1-DTM+PwDqxQqhRUq9MO+MKl2ackI="
    },
    "commander": {
      "version": "2.20.3",
      "resolved": "https://registry.npmjs.org/commander/-/commander-2.20.3.tgz",
      "integrity": "sha512-GpVkmM8vF2vQUkj2LvZmD35JxeJOLCwJ9cUkugyk2nuhbv3+mJvpLYYt+0+USMxE+oj+ey/lJEnhZw75x/OMcQ=="
    },
    "fast-csv": {
      "version": "3.4.0",
      "resolved": "https://registry.npmjs.org/fast-csv/-/fast-csv-3.4.0.tgz",
      "integrity": "sha512-/vPTDJc/l6VLOLIqcrMjuhyi8ZVTipTNl2GkVvaYiHlyh16oQMYPUkUVfREurT3MYE9j3mLQDk2Q8kPq30qQCg==",
      "requires": {
        "@types/lodash": "^4.14.132",
        "@types/node": "^12.0.2",
        "lodash": "^4.17.13"
      }
    },
    "json2csv": {
      "version": "4.5.4",
      "resolved": "https://registry.npmjs.org/json2csv/-/json2csv-4.5.4.tgz",
      "integrity": "sha512-YxBhY4Lmn8IvVZ36nqg5omxneLy9JlorkqW1j/EDCeqvmi+CQ4uM+wsvXlcIqvGDewIPXMC/O/oF8DX9EH5aoA==",
      "requires": {
        "commander": "^2.15.1",
        "jsonparse": "^1.3.1",
        "lodash.get": "^4.4.2"
      }
    },
    "jsonparse": {
      "version": "1.3.1",
      "resolved": "https://registry.npmjs.org/jsonparse/-/jsonparse-1.3.1.tgz",
      "integrity": "sha1-P02uSpH6wxX3EGL4UhzCOfE2YoA="
    },
    "lodash": {
      "version": "4.17.15",
      "resolved": "https://registry.npmjs.org/lodash/-/lodash-4.17.15.tgz",
      "integrity": "sha512-8xOcRHvCjnocdS5cpwXQXVzmmh5e5+saE2QGoeQmbKmRS6J3VQppPOIt0MnmE+4xlZoumy0GPG0D0MVIQbNA1A=="
    },
    "lodash.get": {
      "version": "4.4.2",
      "resolved": "https://registry.npmjs.org/lodash.get/-/lodash.get-4.4.2.tgz",
      "integrity": "sha1-LRd/ZS+jHpObRDjVNBSZ36OCXpk="
    },
    "paypal-rest-sdk": {
      "version": "1.8.1",
      "resolved": "https://registry.npmjs.org/paypal-rest-sdk/-/paypal-rest-sdk-1.8.1.tgz",
      "integrity": "sha512-Trj2GuPn10GqpICAxQh5wjxuDT7rq7DMOkvyatz05wI5xPGmqXN7UC0WfDSF9WSBs4YdcWZP0g+nY+sOdaFggw==",
      "requires": {
        "buffer-crc32": "^0.2.3",
        "semver": "^5.0.3"
      }
    },
    "semver": {
      "version": "5.7.1",
      "resolved": "https://registry.npmjs.org/semver/-/semver-5.7.1.tgz",
      "integrity": "sha512-sauaDf/PZdVgrLTNYHRtpXa1iRiKcaebiKQ1BJdpQlWH2lCvexQdX55snPFyK7QzpudqbCI0qXFfOasHdyNDGQ=="
    }
  }
}
